// !$*UTF8*$!
{
	archiveVersion = 1;
	classes = {
	};
	objectVersion = 46;
	objects = {

/* Begin PBXBuildFile section */
		E96DECED155071F30003366B /* Cocoa.framework in Frameworks */ = {isa = PBXBuildFile; fileRef = E96DECEC155071F20003366B /* Cocoa.framework */; };
		E96DECF7155071F30003366B /* InfoPlist.strings in Resources */ = {isa = PBXBuildFile; fileRef = E96DECF5155071F30003366B /* InfoPlist.strings */; };
		E96DECF9155071F30003366B /* main.m in Sources */ = {isa = PBXBuildFile; fileRef = E96DECF8155071F30003366B /* main.m */; };
		E96DECFD155071F30003366B /* Credits.rtf in Resources */ = {isa = PBXBuildFile; fileRef = E96DECFB155071F30003366B /* Credits.rtf */; };
		E96DED00155071F30003366B /* AppDelegate.m in Sources */ = {isa = PBXBuildFile; fileRef = E96DECFF155071F30003366B /* AppDelegate.m */; };
		E96DED03155071F30003366B /* MainMenu.xib in Resources */ = {isa = PBXBuildFile; fileRef = E96DED01155071F30003366B /* MainMenu.xib */; };
		E96DED0C155072290003366B /* JUEmptyView.m in Sources */ = {isa = PBXBuildFile; fileRef = E96DED0B155072290003366B /* JUEmptyView.m */; };
/* End PBXBuildFile section */

/* Begin PBXFileReference section */
		E96DECE8155071F20003366B /* JUEmptyView.app */ = {isa = PBXFileReference; explicitFileType = wrapper.application; includeInIndex = 0; path = JUEmptyView.app; sourceTree = BUILT_PRODUCTS_DIR; };
		E96DECEC155071F20003366B /* Cocoa.framework */ = {isa = PBXFileReference; lastKnownFileType = wrapper.framework; name = Cocoa.framework; path = System/Library/Frameworks/Cocoa.framework; sourceTree = SDKROOT; };
		E96DECEF155071F30003366B /* AppKit.framework */ = {isa = PBXFileReference; lastKnownFileType = wrapper.framework; name = AppKit.framework; path = System/Library/Frameworks/AppKit.framework; sourceTree = SDKROOT; };
		E96DECF0155071F30003366B /* CoreData.framework */ = {isa = PBXFileReference; lastKnownFileType = wrapper.framework; name = CoreData.framework; path = System/Library/Frameworks/CoreData.framework; sourceTree = SDKROOT; };
		E96DECF1155071F30003366B /* Foundation.framework */ = {isa = PBXFileReference; lastKnownFileType = wrapper.framework; name = Foundation.framework; path = System/Library/Frameworks/Foundation.framework; sourceTree = SDKROOT; };
		E96DECF4155071F30003366B /* JUEmptyView-Info.plist */ = {isa = PBXFileReference; lastKnownFileType = text.plist.xml; path = "JUEmptyView-Info.plist"; sourceTree = "<group>"; };
		E96DECF6155071F30003366B /* en */ = {isa = PBXFileReference; lastKnownFileType = text.plist.strings; name = en; path = en.lproj/InfoPlist.strings; sourceTree = "<group>"; };
		E96DECF8155071F30003366B /* main.m */ = {isa = PBXFileReference; lastKnownFileType = sourcecode.c.objc; path = main.m; sourceTree = "<group>"; };
		E96DECFA155071F30003366B /* JUEmptyView-Prefix.pch */ = {isa = PBXFileReference; lastKnownFileType = sourcecode.c.h; path = "JUEmptyView-Prefix.pch"; sourceTree = "<group>"; };
		E96DECFC155071F30003366B /* en */ = {isa = PBXFileReference; lastKnownFileType = text.rtf; name = en; path = en.lproj/Credits.rtf; sourceTree = "<group>"; };
		E96DECFE155071F30003366B /* AppDelegate.h */ = {isa = PBXFileReference; lastKnownFileType = sourcecode.c.h; path = AppDelegate.h; sourceTree = "<group>"; };
		E96DECFF155071F30003366B /* AppDelegate.m */ = {isa = PBXFileReference; lastKnownFileType = sourcecode.c.objc; path = AppDelegate.m; sourceTree = "<group>"; };
		E96DED02155071F30003366B /* en */ = {isa = PBXFileReference; lastKnownFileType = file.xib; name = en; path = en.lproj/MainMenu.xib; sourceTree = "<group>"; };
		E96DED0A155072290003366B /* JUEmptyView.h */ = {isa = PBXFileReference; fileEncoding = 4; lastKnownFileType = sourcecode.c.h; path = JUEmptyView.h; sourceTree = "<group>"; };
		E96DED0B155072290003366B /* JUEmptyView.m */ = {isa = PBXFileReference; fileEncoding = 4; lastKnownFileType = sourcecode.c.objc; path = JUEmptyView.m; sourceTree = "<group>"; };
/* End PBXFileReference section */

/* Begin PBXFrameworksBuildPhase section */
		E96DECE5155071F20003366B /* Frameworks */ = {
			isa = PBXFrameworksBuildPhase;
			buildActionMask = 2147483647;
			files = (
				E96DECED155071F30003366B /* Cocoa.framework in Frameworks */,
			);
			runOnlyForDeploymentPostprocessing = 0;
		};
/* End PBXFrameworksBuildPhase section */

/* Begin PBXGroup section */
		E96DECDD155071F20003366B = {
			isa = PBXGroup;
			children = (
				E96DED09155072290003366B /* Source */,
				E96DECF2155071F30003366B /* JUEmptyView */,
				E96DECEB155071F20003366B /* Frameworks */,
				E96DECE9155071F20003366B /* Products */,
			);
			sourceTree = "<group>";
		};
		E96DECE9155071F20003366B /* Products */ = {
			isa = PBXGroup;
			children = (
				E96DECE8155071F20003366B /* JUEmptyView.app */,
			);
			name = Products;
			sourceTree = "<group>";
		};
		E96DECEB155071F20003366B /* Frameworks */ = {
			isa = PBXGroup;
			children = (
				E96DECEC155071F20003366B /* Cocoa.framework */,
				E96DECEE155071F30003366B /* Other Frameworks */,
			);
			name = Frameworks;
			sourceTree = "<group>";
		};
		E96DECEE155071F30003366B /* Other Frameworks */ = {
			isa = PBXGroup;
			children = (
				E96DECEF155071F30003366B /* AppKit.framework */,
				E96DECF0155071F30003366B /* CoreData.framework */,
				E96DECF1155071F30003366B /* Foundation.framework */,
			);
			name = "Other Frameworks";
			sourceTree = "<group>";
		};
		E96DECF2155071F30003366B /* JUEmptyView */ = {
			isa = PBXGroup;
			children = (
				E96DECFE155071F30003366B /* AppDelegate.h */,
				E96DECFF155071F30003366B /* AppDelegate.m */,
				E96DED01155071F30003366B /* MainMenu.xib */,
				E96DECF3155071F30003366B /* Supporting Files */,
			);
			path = JUEmptyView;
			sourceTree = "<group>";
		};
		E96DECF3155071F30003366B /* Supporting Files */ = {
			isa = PBXGroup;
			children = (
				E96DECF4155071F30003366B /* JUEmptyView-Info.plist */,
				E96DECF5155071F30003366B /* InfoPlist.strings */,
				E96DECF8155071F30003366B /* main.m */,
				E96DECFA155071F30003366B /* JUEmptyView-Prefix.pch */,
				E96DECFB155071F30003366B /* Credits.rtf */,
			);
			name = "Supporting Files";
			sourceTree = "<group>";
		};
		E96DED09155072290003366B /* Source */ = {
			isa = PBXGroup;
			children = (
				E96DED0A155072290003366B /* JUEmptyView.h */,
				E96DED0B155072290003366B /* JUEmptyView.m */,
			);
			path = Source;
			sourceTree = "<group>";
		};
/* End PBXGroup section */

/* Begin PBXNativeTarget section */
		E96DECE7155071F20003366B /* JUEmptyView */ = {
			isa = PBXNativeTarget;
			buildConfigurationList = E96DED06155071F30003366B /* Build configuration list for PBXNativeTarget "JUEmptyView" */;
			buildPhases = (
				E96DECE4155071F20003366B /* Sources */,
				E96DECE5155071F20003366B /* Frameworks */,
				E96DECE6155071F20003366B /* Resources */,
			);
			buildRules = (
			);
			dependencies = (
			);
			name = JUEmptyView;
			productName = JUEmptyView;
			productReference = E96DECE8155071F20003366B /* JUEmptyView.app */;
			productType = "com.apple.product-type.application";
		};
/* End PBXNativeTarget section */

/* Begin PBXProject section */
		E96DECDF155071F20003366B /* Project object */ = {
			isa = PBXProject;
			attributes = {
				LastUpgradeCheck = 0430;
			};
			buildConfigurationList = E96DECE2155071F20003366B /* Build configuration list for PBXProject "JUEmptyView" */;
			compatibilityVersion = "Xcode 3.2";
			developmentRegion = English;
			hasScannedForEncodings = 0;
			knownRegions = (
				en,
			);
			mainGroup = E96DECDD155071F20003366B;
			productRefGroup = E96DECE9155071F20003366B /* Products */;
			projectDirPath = "";
			projectRoot = "";
			targets = (
				E96DECE7155071F20003366B /* JUEmptyView */,
			);
		};
/* End PBXProject section */

/* Begin PBXResourcesBuildPhase section */
		E96DECE6155071F20003366B /* Resources */ = {
			isa = PBXResourcesBuildPhase;
			buildActionMask = 2147483647;
			files = (
				E96DECF7155071F30003366B /* InfoPlist.strings in Resources */,
				E96DECFD155071F30003366B /* Credits.rtf in Resources */,
				E96DED03155071F30003366B /* MainMenu.xib in Resources */,
			);
			runOnlyForDeploymentPostprocessing = 0;
		};
/* End PBXResourcesBuildPhase section */

/* Begin PBXSourcesBuildPhase section */
		E96DECE4155071F20003366B /* Sources */ = {
			isa = PBXSourcesBuildPhase;
			buildActionMask = 2147483647;
			files = (
				E96DECF9155071F30003366B /* main.m in Sources */,
				E96DED00155071F30003366B /* AppDelegate.m in Sources */,
				E96DED0C155072290003366B /* JUEmptyView.m in Sources */,
			);
			runOnlyForDeploymentPostprocessing = 0;
		};
/* End PBXSourcesBuildPhase section */

/* Begin PBXVariantGroup section */
		E96DECF5155071F30003366B /* InfoPlist.strings */ = {
			isa = PBXVariantGroup;
			children = (
				E96DECF6155071F30003366B /* en */,
			);
			name = InfoPlist.strings;
			sourceTree = "<group>";
		};
		E96DECFB155071F30003366B /* Credits.rtf */ = {
			isa = PBXVariantGroup;
			children = (
				E96DECFC155071F30003366B /* en */,
			);
			name = Credits.rtf;
			sourceTree = "<group>";
		};
		E96DED01155071F30003366B /* MainMenu.xib */ = {
			isa = PBXVariantGroup;
			children = (
				E96DED02155071F30003366B /* en */,
			);
			name = MainMenu.xib;
			sourceTree = "<group>";
		};
/* End PBXVariantGroup section */

/* Begin XCBuildConfiguration section */
		E96DED04155071F30003366B /* Debug */ = {
			isa = XCBuildConfiguration;
			buildSettings = {
				ALWAYS_SEARCH_USER_PATHS = NO;
				ARCHS = "$(ARCHS_STANDARD_64_BIT)";
				COPY_PHASE_STRIP = NO;
				GCC_C_LANGUAGE_STANDARD = gnu99;
				GCC_DYNAMIC_NO_PIC = NO;
				GCC_ENABLE_OBJC_EXCEPTIONS = YES;
				GCC_OPTIMIZATION_LEVEL = 0;
				GCC_PREPROCESSOR_DEFINITIONS = (
					"DEBUG=1",
					"$(inherited)",
				);
				GCC_SYMBOLS_PRIVATE_EXTERN = NO;
				GCC_VERSION = com.apple.compilers.llvm.clang.1_0;
				GCC_WARN_64_TO_32_BIT_CONVERSION = YES;
				GCC_WARN_ABOUT_RETURN_TYPE = YES;
				GCC_WARN_UNINITIALIZED_AUTOS = YES;
				GCC_WARN_UNUSED_VARIABLE = YES;
				MACOSX_DEPLOYMENT_TARGET = 10.7;
				ONLY_ACTIVE_ARCH = YES;
				SDKROOT = macosx;
			};
			name = Debug;
		};
		E96DED05155071F30003366B /* Release */ = {
			isa = XCBuildConfiguration;
			buildSettings = {
				ALWAYS_SEARCH_USER_PATHS = NO;
				ARCHS = "$(ARCHS_STANDARD_64_BIT)";
				COPY_PHASE_STRIP = YES;
				DEBUG_INFORMATION_FORMAT = "dwarf-with-dsym";
				GCC_C_LANGUAGE_STANDARD = gnu99;
				GCC_ENABLE_OBJC_EXCEPTIONS = YES;
				GCC_VERSION = com.apple.compilers.llvm.clang.1_0;
				GCC_WARN_64_TO_32_BIT_CONVERSION = YES;
				GCC_WARN_ABOUT_RETURN_TYPE = YES;
				GCC_WARN_UNINITIALIZED_AUTOS = YES;
				GCC_WARN_UNUSED_VARIABLE = YES;
				MACOSX_DEPLOYMENT_TARGET = 10.7;
				SDKROOT = macosx;
			};
			name = Release;
		};
		E96DED07155071F30003366B /* Debug */ = {
			isa = XCBuildConfiguration;
			buildSettings = {
				GCC_PRECOMPILE_PREFIX_HEADER = YES;
				GCC_PREFIX_HEADER = "JUEmptyView/JUEmptyView-Prefix.pch";
				INFOPLIST_FILE = "JUEmptyView/JUEmptyView-Info.plist";
				PRODUCT_NAME = "$(TARGET_NAME)";
				WRAPPER_EXTENSION = app;
			};
			name = Debug;
		};
		E96DED08155071F30003366B /* Release */ = {
			isa = XCBuildConfiguration;
			buildSettings = {
				GCC_PRECOMPILE_PREFIX_HEADER = YES;
				GCC_PREFIX_HEADER = "JUEmptyView/JUEmptyView-Prefix.pch";
				INFOPLIST_FILE = "JUEmptyView/JUEmptyView-Info.plist";
				PRODUCT_NAME = "$(TARGET_NAME)";
				WRAPPER_EXTENSION = app;
			};
			name = Release;
		};
/* End XCBuildConfiguration section */

/* Begin XCConfigurationList section */
		E96DECE2155071F20003366B /* Build configuration list for PBXProject "JUEmptyView" */ = {
			isa = XCConfigurationList;
			buildConfigurations = (
				E96DED04155071F30003366B /* Debug */,
				E96DED05155071F30003366B /* Release */,
			);
			defaultConfigurationIsVisible = 0;
			defaultConfigurationName = Release;
		};
		E96DED06155071F30003366B /* Build configuration list for PBXNativeTarget "JUEmptyView" */ = {
			isa = XCConfigurationList;
			buildConfigurations = (
				E96DED07155071F30003366B /* Debug */,
				E96DED08155071F30003366B /* Release */,
			);
			defaultConfigurationIsVisible = 0;
		};
/* End XCConfigurationList section */
	};
	rootObject = E96DECDF155071F20003366B /* Project object */;
}
